
Microsoft Visual Studio Solution File, Format Version 12.00
# Visual Studio Version 17
VisualStudioVersion = 17.9.34622.214
MinimumVisualStudioVersion = 10.0.40219.1
Project("{FAE04EC0-301F-11D3-BF4B-00C04F79EFBC}") = "BarberShop", "BarberShop.csproj", "{A6F1A1ED-520C-4FDD-AF04-F2DE1EB6E89B}"
EndProject
Global
	GlobalSection(SolutionConfigurationPlatforms) = preSolution
		Debug|Any CPU = Debug|Any CPU
		Release|Any CPU = Release|Any CPU
	EndGlobalSection
	GlobalSection(ProjectConfigurationPlatforms) = postSolution
		{A6F1A1ED-520C-4FDD-AF04-F2DE1EB6E89B}.Debug|Any CPU.ActiveCfg = Debug|Any CPU
		{A6F1A1ED-520C-4FDD-AF04-F2DE1EB6E89B}.Debug|Any CPU.Build.0 = Debug|Any CPU
		{A6F1A1ED-520C-4FDD-AF04-F2DE1EB6E89B}.Release|Any CPU.ActiveCfg = Release|Any CPU
		{A6F1A1ED-520C-4FDD-AF04-F2DE1EB6E89B}.Release|Any CPU.Build.0 = Release|Any CPU
	EndGlobalSection
	GlobalSection(SolutionProperties) = preSolution
		HideSolutionNode = FALSE
	EndGlobalSection
	GlobalSection(ExtensibilityGlobals) = postSolution
		SolutionGuid = {15EC9A0C-8E61-4FB1-BFE4-5BBD7C216FE8}
	EndGlobalSection
EndGlobal
